{
  "nodes": {
    "flake-utils": {
      "locked": {
        "lastModified": 1622445595,
        "narHash": "sha256-m+JRe6Wc5OZ/mKw2bB3+Tl0ZbtyxxxfnAWln8Q5qs+Y=",
        "owner": "numtide",
        "repo": "flake-utils",
        "rev": "7d706970d94bc5559077eb1a6600afddcd25a7c8",
        "type": "github"
      },
      "original": {
        "owner": "numtide",
        "repo": "flake-utils",
        "type": "github"
      }
    },
    "nixpkgs": {
      "locked": {
        "lastModified": 1656461576,
        "narHash": "sha256-rlmmw6lIlkMQIiB+NsnO8wQYWTfle8TA41UREPLP5VY=",
        "owner": "NixOS",
        "repo": "nixpkgs",
        "rev": "cf3ab54b4afe2b7477faa1dd0b65bf74c055d70c",
        "type": "github"
      },
      "original": {
        "owner": "NixOS",
        "ref": "nixos-unstable",
        "repo": "nixpkgs",
        "type": "github"
      }
    },
    "pararules": {
      "flake": false,
      "locked": {
        "lastModified": 1652693116,
        "narHash": "sha256-i8qBZQkZltrTCqfViihmbknoMzd3IU2oubhiWoZpv3c=",
        "owner": "paranim",
        "repo": "pararules",
        "rev": "e0edebd61dcb4ff8f9d8ad854a1b3bedbf404b10",
        "type": "github"
      },
      "original": {
        "owner": "paranim",
        "repo": "pararules",
        "type": "github"
      }
    },
    "root": {
      "inputs": {
        "flake-utils": "flake-utils",
        "nixpkgs": "nixpkgs",
        "pararules": "pararules"
      }
    }
  },
  "root": "root",
  "version": 7
}
